
Microsoft Visual Studio Solution File, Format Version 12.00
# Visual Studio Version 17
VisualStudioVersion = 17.7.34024.191
MinimumVisualStudioVersion = 10.0.40219.1
Project("{FAE04EC0-301F-11D3-BF4B-00C04F79EFBC}") = "APItest", "APItest\APItest.csproj", "{0531F0FA-0B99-48DF-9358-AEE8A7A06565}"
EndProject
Global
	GlobalSection(SolutionConfigurationPlatforms) = preSolution
		Debug|Any CPU = Debug|Any CPU
		Release|Any CPU = Release|Any CPU
	EndGlobalSection
	GlobalSection(ProjectConfigurationPlatforms) = postSolution
		{0531F0FA-0B99-48DF-9358-AEE8A7A06565}.Debug|Any CPU.ActiveCfg = Debug|Any CPU
		{0531F0FA-0B99-48DF-9358-AEE8A7A06565}.Debug|Any CPU.Build.0 = Debug|Any CPU
		{0531F0FA-0B99-48DF-9358-AEE8A7A06565}.Release|Any CPU.ActiveCfg = Release|Any CPU
		{0531F0FA-0B99-48DF-9358-AEE8A7A06565}.Release|Any CPU.Build.0 = Release|Any CPU
	EndGlobalSection
	GlobalSection(SolutionProperties) = preSolution
		HideSolutionNode = FALSE
	EndGlobalSection
	GlobalSection(ExtensibilityGlobals) = postSolution
		SolutionGuid = {21A0F987-6074-4ACD-A964-6293ABC61C0B}
	EndGlobalSection
EndGlobal
